Microsoft Visual Studio Solution File, Format Version 7.00
Project("{8BC9CEB8-8B4A-11D0-8D11-00A0C91BC942}") = "languages - Basque", "ba_BA.vcproj", "{8104E8D8-7343-4BE7-8955-80A1F2D26EC1}"
EndProject
Global
	GlobalSection(SolutionConfiguration) = preSolution
		ConfigName.0 = Dynamic
		ConfigName.1 = Static
	EndGlobalSection
	GlobalSection(ProjectDependencies) = postSolution
	EndGlobalSection
	GlobalSection(ProjectConfiguration) = postSolution
		{8104E8D8-7343-4BE7-8955-80A1F2D26EC1}.Dynamic.ActiveCfg = Dynamic|Win32
		{8104E8D8-7343-4BE7-8955-80A1F2D26EC1}.Dynamic.Build.0 = Dynamic|Win32
		{8104E8D8-7343-4BE7-8955-80A1F2D26EC1}.Static.ActiveCfg = Static|Win32
		{8104E8D8-7343-4BE7-8955-80A1F2D26EC1}.Static.Build.0 = Static|Win32
	EndGlobalSection
	GlobalSection(ExtensibilityGlobals) = postSolution
	EndGlobalSection
	GlobalSection(ExtensibilityAddIns) = postSolution
	EndGlobalSection
EndGlobal
